
Microsoft Visual Studio Solution File, Format Version 12.00
# Visual Studio 14
VisualStudioVersion = 14.0.25420.1
MinimumVisualStudioVersion = 10.0.40219.1
Project("{FAE04EC0-301F-11D3-BF4B-00C04F79EFBC}") = "DealerNetApp.Data", "DealerNetApp.Data\DealerNetApp.Data.csproj", "{D5A2BB0A-2CCD-4B97-9111-2BA5FC54E378}"
EndProject
Project("{FAE04EC0-301F-11D3-BF4B-00C04F79EFBC}") = "DealerNetApp.Core", "DealerNetApp.Core\DealerNetApp.Core.csproj", "{CA6D634B-A441-4331-A279-CB8A685D2D6B}"
EndProject
Global
	GlobalSection(SolutionConfigurationPlatforms) = preSolution
		Debug|Any CPU = Debug|Any CPU
		Release|Any CPU = Release|Any CPU
	EndGlobalSection
	GlobalSection(ProjectConfigurationPlatforms) = postSolution
		{D5A2BB0A-2CCD-4B97-9111-2BA5FC54E378}.Debug|Any CPU.ActiveCfg = Debug|Any CPU
		{D5A2BB0A-2CCD-4B97-9111-2BA5FC54E378}.Debug|Any CPU.Build.0 = Debug|Any CPU
		{D5A2BB0A-2CCD-4B97-9111-2BA5FC54E378}.Release|Any CPU.ActiveCfg = Release|Any CPU
		{D5A2BB0A-2CCD-4B97-9111-2BA5FC54E378}.Release|Any CPU.Build.0 = Release|Any CPU
		{CA6D634B-A441-4331-A279-CB8A685D2D6B}.Debug|Any CPU.ActiveCfg = Debug|Any CPU
		{CA6D634B-A441-4331-A279-CB8A685D2D6B}.Debug|Any CPU.Build.0 = Debug|Any CPU
		{CA6D634B-A441-4331-A279-CB8A685D2D6B}.Release|Any CPU.ActiveCfg = Release|Any CPU
		{CA6D634B-A441-4331-A279-CB8A685D2D6B}.Release|Any CPU.Build.0 = Release|Any CPU
	EndGlobalSection
	GlobalSection(SolutionProperties) = preSolution
		HideSolutionNode = FALSE
	EndGlobalSection
EndGlobal
